{
  "version": 4,
  "terraform_version": "1.12.2",
  "serial": 3,
  "lineage": "679c7d5f-8a15-96e4-a23c-7abe28268488",
  "outputs": {},
  "resources": [
    {
      "mode": "managed",
      "type": "random_pet",
      "name": "my-pet",
      "provider": "provider[\"registry.terraform.io/hashicorp/random\"]",
      "instances": [
        {
          "schema_version": 0,
          "attributes": {
            "id": "Mrs.arachnid",
            "keepers": null,
            "length": 1,
            "prefix": "Mrs",
            "separator": "."
          },
          "sensitive_attributes": [],
          "identity_schema_version": 0
        }
      ]
    }
  ],
  "check_results": null
}
