{
  "version": 4,
  "terraform_version": "1.12.2",
  "serial": 6,
  "lineage": "74be2bf4-5ed4-0643-df55-8b5a5d289b86",
  "outputs": {},
  "resources": [
    {
      "mode": "managed",
      "type": "local_file",
      "name": "pet",
      "provider": "provider[\"registry.terraform.io/hashicorp/local\"]",
      "instances": [
        {
          "index_key": 0,
          "schema_version": 0,
          "attributes": {
            "content": "This is file number 1",
            "content_base64": null,
            "content_base64sha256": "eqP414Z2iRSVPclCC1G/LrLx8IIHsGP+ZqtyRyoludE=",
            "content_base64sha512": "4YX7So5ISqJ1G8QtwDbFhs6XDVfNvMdLeGwr58bZaI1jI1hiSWnnkt8S5axwCXEDYQOmo59ZNR0oIVsHQ/Du8Q==",
            "content_md5": "50a236c7fc9a02b0499ecbfce839208a",
            "content_sha1": "a6cc096a0531dd31f5713dc02f26a7258b429454",
            "content_sha256": "7aa3f8d786768914953dc9420b51bf2eb2f1f08207b063fe66ab72472a25b9d1",
            "content_sha512": "e185fb4a8e484aa2751bc42dc036c586ce970d57cdbcc74b786c2be7c6d9688d632358624969e792df12e5ac700971036103a6a39f59351d28215b0743f0eef1",
            "directory_permission": "0777",
            "file_permission": "0777",
            "filename": "/home/dasmat/snake.txt",
            "id": "a6cc096a0531dd31f5713dc02f26a7258b429454",
            "sensitive_content": null,
            "source": null
          },
          "sensitive_attributes": [
            [
              {
                "type": "get_attr",
                "value": "sensitive_content"
              }
            ]
          ],
          "identity_schema_version": 0
        },
        {
          "index_key": 1,
          "schema_version": 0,
          "attributes": {
            "content": "This is file number 2",
            "content_base64": null,
            "content_base64sha256": "r+rXre2j7X47q0Y4XtjgxyE458DWHXlDmRzvt1fu1N4=",
            "content_base64sha512": "8Zz7SGRvdDEO/dNclQVMX+MyeM+r8K8JSSBH1FeV2Pl2wiRoNhaQc2NdYIdWEPvNs7RlZcyb2wouKkayz2UNYQ==",
            "content_md5": "3b301095b5c5fade98dc3e49a3f79f44",
            "content_sha1": "ae1ccb3839bc57e08d8d8acb27da316cbdbeffed",
            "content_sha256": "afead7adeda3ed7e3bab46385ed8e0c72138e7c0d61d7943991cefb757eed4de",
            "content_sha512": "f19cfb48646f74310efdd35c95054c5fe33278cfabf0af09492047d45795d8f976c2246836169073635d60875610fbcdb3b46565cc9bdb0a2e2a46b2cf650d61",
            "directory_permission": "0777",
            "file_permission": "0777",
            "filename": "/home/dasmat/cat.txt",
            "id": "ae1ccb3839bc57e08d8d8acb27da316cbdbeffed",
            "sensitive_content": null,
            "source": null
          },
          "sensitive_attributes": [
            [
              {
                "type": "get_attr",
                "value": "sensitive_content"
              }
            ]
          ],
          "identity_schema_version": 0
        },
        {
          "index_key": 2,
          "schema_version": 0,
          "attributes": {
            "content": "This is file number 3",
            "content_base64": null,
            "content_base64sha256": "ueIA976eEIaVN9uP8IZomginqCUj8eD6GLzvBPEahTk=",
            "content_base64sha512": "WYvmwF335hNs0bKZfkZSBUfSowGNXIJZfZA8tJPHFL2W8sdtpMo61bkSzqYQEz4uffVYjBe2x6NWznHuFV8Z1w==",
            "content_md5": "2dcdc3f1c2558c57c5238d2098d7177f",
            "content_sha1": "37260cfff70ad0164a72691fe38312b34c004c8a",
            "content_sha256": "b9e200f7be9e10869537db8ff086689a08a7a82523f1e0fa18bcef04f11a8539",
            "content_sha512": "598be6c05df7e6136cd1b2997e46520547d2a3018d5c82597d903cb493c714bd96f2c76da4ca3ad5b912cea610133e2e7df5588c17b6c7a356ce71ee155f19d7",
            "directory_permission": "0777",
            "file_permission": "0777",
            "filename": "/home/dasmat/mouse.txt",
            "id": "37260cfff70ad0164a72691fe38312b34c004c8a",
            "sensitive_content": null,
            "source": null
          },
          "sensitive_attributes": [
            [
              {
                "type": "get_attr",
                "value": "sensitive_content"
              }
            ]
          ],
          "identity_schema_version": 0
        },
        {
          "index_key": 3,
          "schema_version": 0,
          "attributes": {
            "content": "This is file number 4",
            "content_base64": null,
            "content_base64sha256": "/G+Ywlnqx4ahKXTJaGEycYTKlslqvkVMKqX9vCicPns=",
            "content_base64sha512": "x4z8vmmeDXMKnZT1Ro52OAmKQGYdJLgE24cCvQPCiXVdcbSHN4P382u1HW2a27qk3krKJfcWmodl7bMiSZcLvw==",
            "content_md5": "9e63cf5765f3335ab55263b55335377f",
            "content_sha1": "9212855f38158cab3bec58b2b28a035ad0a05864",
            "content_sha256": "fc6f98c259eac786a12974c96861327184ca96c96abe454c2aa5fdbc289c3e7b",
            "content_sha512": "c78cfcbe699e0d730a9d94f5468e7638098a40661d24b804db8702bd03c289755d71b4873783f7f36bb51d6d9adbbaa4de4aca25f7169a8765edb32249970bbf",
            "directory_permission": "0777",
            "file_permission": "0777",
            "filename": "/home/dasmat/cow.txt",
            "id": "9212855f38158cab3bec58b2b28a035ad0a05864",
            "sensitive_content": null,
            "source": null
          },
          "sensitive_attributes": [
            [
              {
                "type": "get_attr",
                "value": "sensitive_content"
              }
            ]
          ],
          "identity_schema_version": 0
        },
        {
          "index_key": 4,
          "schema_version": 0,
          "attributes": {
            "content": "This is file number 5",
            "content_base64": null,
            "content_base64sha256": "mx1jCdIbhDUyLDcM2EB/6f4YlowFN+PX47ciPjKMBKE=",
            "content_base64sha512": "av+1Hu9PVB8V3+y16HxzA05usF1qH54aacJwbSjEBEsBtyKcZJHhJ1QkSZzbuUCNCrD+tEUDULQUn7MsEVx9TQ==",
            "content_md5": "252be3867a2b380bedc60143e53b6ffb",
            "content_sha1": "d60f33e595b42b17267d72d1f37fde368ba32829",
            "content_sha256": "9b1d6309d21b8435322c370cd8407fe9fe18968c0537e3d7e3b7223e328c04a1",
            "content_sha512": "6affb51eef4f541f15dfecb5e87c73034e6eb05d6a1f9e1a69c2706d28c4044b01b7229c6491e1275424499cdbb9408d0ab0feb4450350b4149fb32c115c7d4d",
            "directory_permission": "0777",
            "file_permission": "0777",
            "filename": "/home/dasmat/bird.txt",
            "id": "d60f33e595b42b17267d72d1f37fde368ba32829",
            "sensitive_content": null,
            "source": null
          },
          "sensitive_attributes": [
            [
              {
                "type": "get_attr",
                "value": "sensitive_content"
              }
            ]
          ],
          "identity_schema_version": 0
        }
      ]
    }
  ],
  "check_results": null
}
