{
  "version": 4,
  "terraform_version": "1.12.2",
  "serial": 3,
  "lineage": "e6e35142-d904-a13f-9fdd-730a60ebe2de",
  "outputs": {},
  "resources": [
    {
      "mode": "managed",
      "type": "local_file",
      "name": "pet",
      "provider": "provider[\"registry.terraform.io/hashicorp/local\"]",
      "instances": [
        {
          "schema_version": 0,
          "attributes": {
            "content": "we love pets",
            "content_base64": null,
            "content_base64sha256": "J4NpK8u7LP/wUC5133Vll6PtoXzrd4luTIkBmtpxjzU=",
            "content_base64sha512": "tIJ3CwxcFBjikTzpAiBKcoa2ChG99W7d4y8houFDU23vcFHE4SpUdjitOZEwxxkRq7BO//irVlgDJw4OBkOAiw==",
            "content_md5": "3b16b61612f2ffa32cd624074aa074df",
            "content_sha1": "d87a5018d4e1c1e1644d11eafcdf53a95c8968ef",
            "content_sha256": "2783692bcbbb2cfff0502e75df756597a3eda17ceb77896e4c89019ada718f35",
            "content_sha512": "b482770b0c5c1418e2913ce902204a7286b60a11bdf56edde32f21a2e143536def7051c4e12a547638ad399130c71911abb04efff8ab565803270e0e0643808b",
            "directory_permission": "0777",
            "file_permission": "0777",
            "filename": "/home/dasmat/pet.txt",
            "id": "d87a5018d4e1c1e1644d11eafcdf53a95c8968ef",
            "sensitive_content": null,
            "source": null
          },
          "sensitive_attributes": [
            [
              {
                "type": "get_attr",
                "value": "sensitive_content"
              }
            ]
          ],
          "identity_schema_version": 0
        }
      ]
    },
    {
      "mode": "managed",
      "type": "random_pet",
      "name": "my-pet",
      "provider": "provider[\"registry.terraform.io/hashicorp/random\"]",
      "instances": [
        {
          "schema_version": 0,
          "attributes": {
            "id": "Mrs.dog",
            "keepers": null,
            "length": 1,
            "prefix": "Mrs",
            "separator": "."
          },
          "sensitive_attributes": [],
          "identity_schema_version": 0
        }
      ]
    }
  ],
  "check_results": null
}
