{
  "version": 4,
  "terraform_version": "1.12.2",
  "serial": 3,
  "lineage": "c56b7b2d-0e75-2821-9817-728503bd9525",
  "outputs": {},
  "resources": [
    {
      "mode": "managed",
      "type": "local_file",
      "name": "pet",
      "provider": "provider[\"registry.terraform.io/hashicorp/local\"]",
      "instances": [
        {
          "schema_version": 0,
          "attributes": {
            "content": "my favourite pet is Mr.cat",
            "content_base64": null,
            "content_base64sha256": "fW59BchPWLgw7VHpXen6NOB6u9yf6qWirLDKCDpb9RM=",
            "content_base64sha512": "89t4l/2PkzTkfeJHcIH1ufz8M5UXYH85w55njjwhB1594NYIxqDrWiL6o29P5j+gOG5cUKo0bUPucXJ9aIuEYQ==",
            "content_md5": "36fa7889bec680cc28e161d13b14f8fa",
            "content_sha1": "cc81d3887ab54359792f69b431335dc39c9df0f6",
            "content_sha256": "7d6e7d05c84f58b830ed51e95de9fa34e07abbdc9feaa5a2acb0ca083a5bf513",
            "content_sha512": "f3db7897fd8f9334e47de2477081f5b9fcfc339517607f39c39e678e3c21075e7de0d608c6a0eb5a22faa36f4fe63fa0386e5c50aa346d43ee71727d688b8461",
            "directory_permission": "0777",
            "file_permission": "0777",
            "filename": "/home/dasmat/pet.txt",
            "id": "cc81d3887ab54359792f69b431335dc39c9df0f6",
            "sensitive_content": null,
            "source": null
          },
          "sensitive_attributes": [
            [
              {
                "type": "get_attr",
                "value": "sensitive_content"
              }
            ]
          ],
          "identity_schema_version": 0,
          "dependencies": [
            "random_pet.my-pet"
          ]
        }
      ]
    },
    {
      "mode": "managed",
      "type": "random_pet",
      "name": "my-pet",
      "provider": "provider[\"registry.terraform.io/hashicorp/random\"]",
      "instances": [
        {
          "schema_version": 0,
          "attributes": {
            "id": "Sir.ladybird",
            "keepers": null,
            "length": 1,
            "prefix": "Sir",
            "separator": "."
          },
          "sensitive_attributes": [],
          "identity_schema_version": 0
        }
      ]
    }
  ],
  "check_results": null
}
